
Microsoft Visual Studio Solution File, Format Version 12.00
# Visual Studio Version 17
VisualStudioVersion = 17.9.34728.123
MinimumVisualStudioVersion = 10.0.40219.1
Project("{FAE04EC0-301F-11D3-BF4B-00C04F79EFBC}") = "makets", "makets\makets.csproj", "{38D0AC69-9631-4E65-988C-0D4C38CF8936}"
EndProject
Global
	GlobalSection(SolutionConfigurationPlatforms) = preSolution
		Debug|Any CPU = Debug|Any CPU
		Release|Any CPU = Release|Any CPU
	EndGlobalSection
	GlobalSection(ProjectConfigurationPlatforms) = postSolution
		{38D0AC69-9631-4E65-988C-0D4C38CF8936}.Debug|Any CPU.ActiveCfg = Debug|Any CPU
		{38D0AC69-9631-4E65-988C-0D4C38CF8936}.Debug|Any CPU.Build.0 = Debug|Any CPU
		{38D0AC69-9631-4E65-988C-0D4C38CF8936}.Release|Any CPU.ActiveCfg = Release|Any CPU
		{38D0AC69-9631-4E65-988C-0D4C38CF8936}.Release|Any CPU.Build.0 = Release|Any CPU
	EndGlobalSection
	GlobalSection(SolutionProperties) = preSolution
		HideSolutionNode = FALSE
	EndGlobalSection
	GlobalSection(ExtensibilityGlobals) = postSolution
		SolutionGuid = {50EBB9D7-301A-40D4-B9A4-BF4A721D6C70}
	EndGlobalSection
EndGlobal
